
Microsoft Visual Studio Solution File, Format Version 12.00
# Visual Studio 14
VisualStudioVersion = 14.0.25420.1
MinimumVisualStudioVersion = 10.0.40219.1
Project("{FAE04EC0-301F-11D3-BF4B-00C04F79EFBC}") = "FolderStructureConventions.Prompt", "src\FolderStructureConventions.Prompt\FolderStructureConventions.Prompt.csproj", "{6091B08B-D138-4D1F-ADCC-34D5076CCE47}"
EndProject
Project("{2150E333-8FDC-42A3-9474-1A3956D46DE8}") = "Domain", "Domain", "{6163CE7A-3186-4838-8801-3DA0D3815F3B}"
EndProject
Project("{2150E333-8FDC-42A3-9474-1A3956D46DE8}") = "Presentation", "Presentation", "{EE5216C5-F420-41B0-A794-46F4E64A74B8}"
EndProject
Project("{2150E333-8FDC-42A3-9474-1A3956D46DE8}") = "Tests", "Tests", "{573D2495-EFC1-40AC-AB02-3F17A21F207B}"
EndProject
Global
	GlobalSection(SolutionConfigurationPlatforms) = preSolution
		Debug|Any CPU = Debug|Any CPU
		Release|Any CPU = Release|Any CPU
	EndGlobalSection
	GlobalSection(ProjectConfigurationPlatforms) = postSolution
		{6091B08B-D138-4D1F-ADCC-34D5076CCE47}.Debug|Any CPU.ActiveCfg = Debug|Any CPU
		{6091B08B-D138-4D1F-ADCC-34D5076CCE47}.Debug|Any CPU.Build.0 = Debug|Any CPU
		{6091B08B-D138-4D1F-ADCC-34D5076CCE47}.Release|Any CPU.ActiveCfg = Release|Any CPU
		{6091B08B-D138-4D1F-ADCC-34D5076CCE47}.Release|Any CPU.Build.0 = Release|Any CPU
	EndGlobalSection
	GlobalSection(SolutionProperties) = preSolution
		HideSolutionNode = FALSE
	EndGlobalSection
	GlobalSection(NestedProjects) = preSolution
		{6091B08B-D138-4D1F-ADCC-34D5076CCE47} = {EE5216C5-F420-41B0-A794-46F4E64A74B8}
	EndGlobalSection
EndGlobal
